
Microsoft Visual Studio Solution File, Format Version 12.00
# Visual Studio Version 17
VisualStudioVersion = 17.9.34714.143
MinimumVisualStudioVersion = 10.0.40219.1
Project("{FAE04EC0-301F-11D3-BF4B-00C04F79EFBC}") = "1. Methods Lab", "1. Methods Lab\1. Methods Lab.csproj", "{84AD5D3A-4141-4061-B31E-7F6B6BC6D509}"
EndProject
Global
	GlobalSection(SolutionConfigurationPlatforms) = preSolution
		Debug|Any CPU = Debug|Any CPU
		Release|Any CPU = Release|Any CPU
	EndGlobalSection
	GlobalSection(ProjectConfigurationPlatforms) = postSolution
		{84AD5D3A-4141-4061-B31E-7F6B6BC6D509}.Debug|Any CPU.ActiveCfg = Debug|Any CPU
		{84AD5D3A-4141-4061-B31E-7F6B6BC6D509}.Debug|Any CPU.Build.0 = Debug|Any CPU
		{84AD5D3A-4141-4061-B31E-7F6B6BC6D509}.Release|Any CPU.ActiveCfg = Release|Any CPU
		{84AD5D3A-4141-4061-B31E-7F6B6BC6D509}.Release|Any CPU.Build.0 = Release|Any CPU
	EndGlobalSection
	GlobalSection(SolutionProperties) = preSolution
		HideSolutionNode = FALSE
	EndGlobalSection
	GlobalSection(ExtensibilityGlobals) = postSolution
		SolutionGuid = {2797F4B4-E63D-4BB8-9C97-348C13DD9F04}
	EndGlobalSection
EndGlobal
