
Microsoft Visual Studio Solution File, Format Version 12.00
# Visual Studio Version 17
VisualStudioVersion = 17.9.34714.143
MinimumVisualStudioVersion = 10.0.40219.1
Project("{FAE04EC0-301F-11D3-BF4B-00C04F79EFBC}") = "Loops Using Console1", "Loops Using Console1\Loops Using Console1.csproj", "{2A046E13-6B66-4918-8C23-1B8568839607}"
EndProject
Global
	GlobalSection(SolutionConfigurationPlatforms) = preSolution
		Debug|Any CPU = Debug|Any CPU
		Release|Any CPU = Release|Any CPU
	EndGlobalSection
	GlobalSection(ProjectConfigurationPlatforms) = postSolution
		{2A046E13-6B66-4918-8C23-1B8568839607}.Debug|Any CPU.ActiveCfg = Debug|Any CPU
		{2A046E13-6B66-4918-8C23-1B8568839607}.Debug|Any CPU.Build.0 = Debug|Any CPU
		{2A046E13-6B66-4918-8C23-1B8568839607}.Release|Any CPU.ActiveCfg = Release|Any CPU
		{2A046E13-6B66-4918-8C23-1B8568839607}.Release|Any CPU.Build.0 = Release|Any CPU
	EndGlobalSection
	GlobalSection(SolutionProperties) = preSolution
		HideSolutionNode = FALSE
	EndGlobalSection
	GlobalSection(ExtensibilityGlobals) = postSolution
		SolutionGuid = {47A75F32-5C7A-4300-A071-796AFD14D1D5}
	EndGlobalSection
EndGlobal
