
Microsoft Visual Studio Solution File, Format Version 12.00
# Visual Studio Version 17
VisualStudioVersion = 17.9.34607.119
MinimumVisualStudioVersion = 10.0.40219.1
Project("{FAE04EC0-301F-11D3-BF4B-00C04F79EFBC}") = "TodoListApp", "TodoListApp\TodoListApp.csproj", "{1AA923B5-4B3D-4E9E-B16C-A167D9F6672F}"
EndProject
Global
	GlobalSection(SolutionConfigurationPlatforms) = preSolution
		Debug|Any CPU = Debug|Any CPU
		Release|Any CPU = Release|Any CPU
	EndGlobalSection
	GlobalSection(ProjectConfigurationPlatforms) = postSolution
		{1AA923B5-4B3D-4E9E-B16C-A167D9F6672F}.Debug|Any CPU.ActiveCfg = Debug|Any CPU
		{1AA923B5-4B3D-4E9E-B16C-A167D9F6672F}.Debug|Any CPU.Build.0 = Debug|Any CPU
		{1AA923B5-4B3D-4E9E-B16C-A167D9F6672F}.Release|Any CPU.ActiveCfg = Release|Any CPU
		{1AA923B5-4B3D-4E9E-B16C-A167D9F6672F}.Release|Any CPU.Build.0 = Release|Any CPU
	EndGlobalSection
	GlobalSection(SolutionProperties) = preSolution
		HideSolutionNode = FALSE
	EndGlobalSection
	GlobalSection(ExtensibilityGlobals) = postSolution
		SolutionGuid = {00CFBF1E-716F-4D55-ADE7-13AF33D30E7E}
	EndGlobalSection
EndGlobal
