
Microsoft Visual Studio Solution File, Format Version 12.00
# Visual Studio Version 17
VisualStudioVersion = 17.9.34714.143
MinimumVisualStudioVersion = 10.0.40219.1
Project("{FAE04EC0-301F-11D3-BF4B-00C04F79EFBC}") = "System File IO 2 Lap", "System File IO 2 Lap\System File IO 2 Lap.csproj", "{61567C56-4589-4B65-A1B9-6AD9471AC698}"
EndProject
Global
	GlobalSection(SolutionConfigurationPlatforms) = preSolution
		Debug|Any CPU = Debug|Any CPU
		Release|Any CPU = Release|Any CPU
	EndGlobalSection
	GlobalSection(ProjectConfigurationPlatforms) = postSolution
		{61567C56-4589-4B65-A1B9-6AD9471AC698}.Debug|Any CPU.ActiveCfg = Debug|Any CPU
		{61567C56-4589-4B65-A1B9-6AD9471AC698}.Debug|Any CPU.Build.0 = Debug|Any CPU
		{61567C56-4589-4B65-A1B9-6AD9471AC698}.Release|Any CPU.ActiveCfg = Release|Any CPU
		{61567C56-4589-4B65-A1B9-6AD9471AC698}.Release|Any CPU.Build.0 = Release|Any CPU
	EndGlobalSection
	GlobalSection(SolutionProperties) = preSolution
		HideSolutionNode = FALSE
	EndGlobalSection
	GlobalSection(ExtensibilityGlobals) = postSolution
		SolutionGuid = {138765BC-5B05-406F-AF52-31CD75BAE57E}
	EndGlobalSection
EndGlobal
