
Microsoft Visual Studio Solution File, Format Version 12.00
# Visual Studio Version 17
VisualStudioVersion = 17.9.34714.143
MinimumVisualStudioVersion = 10.0.40219.1
Project("{FAE04EC0-301F-11D3-BF4B-00C04F79EFBC}") = "Hotel Management System V1.0", "Hotem Management System V1.0\Hotel Management System V1.0.csproj", "{45512157-798D-4A03-8AA3-7FECC1E8E6DB}"
EndProject
Global
	GlobalSection(SolutionConfigurationPlatforms) = preSolution
		Debug|Any CPU = Debug|Any CPU
		Release|Any CPU = Release|Any CPU
	EndGlobalSection
	GlobalSection(ProjectConfigurationPlatforms) = postSolution
		{45512157-798D-4A03-8AA3-7FECC1E8E6DB}.Debug|Any CPU.ActiveCfg = Debug|Any CPU
		{45512157-798D-4A03-8AA3-7FECC1E8E6DB}.Debug|Any CPU.Build.0 = Debug|Any CPU
		{45512157-798D-4A03-8AA3-7FECC1E8E6DB}.Release|Any CPU.ActiveCfg = Release|Any CPU
		{45512157-798D-4A03-8AA3-7FECC1E8E6DB}.Release|Any CPU.Build.0 = Release|Any CPU
	EndGlobalSection
	GlobalSection(SolutionProperties) = preSolution
		HideSolutionNode = FALSE
	EndGlobalSection
	GlobalSection(ExtensibilityGlobals) = postSolution
		SolutionGuid = {76D04CA0-1886-4A95-AE74-EFCB4B18FFFE}
	EndGlobalSection
EndGlobal
