
Microsoft Visual Studio Solution File, Format Version 12.00
# Visual Studio Version 17
VisualStudioVersion = 17.9.34714.143
MinimumVisualStudioVersion = 10.0.40219.1
Project("{FAE04EC0-301F-11D3-BF4B-00C04F79EFBC}") = "Order Function", "Order Function\Order Function.csproj", "{60E789B1-078D-4404-A3E9-195E5E4405B1}"
EndProject
Global
	GlobalSection(SolutionConfigurationPlatforms) = preSolution
		Debug|Any CPU = Debug|Any CPU
		Release|Any CPU = Release|Any CPU
	EndGlobalSection
	GlobalSection(ProjectConfigurationPlatforms) = postSolution
		{60E789B1-078D-4404-A3E9-195E5E4405B1}.Debug|Any CPU.ActiveCfg = Debug|Any CPU
		{60E789B1-078D-4404-A3E9-195E5E4405B1}.Debug|Any CPU.Build.0 = Debug|Any CPU
		{60E789B1-078D-4404-A3E9-195E5E4405B1}.Release|Any CPU.ActiveCfg = Release|Any CPU
		{60E789B1-078D-4404-A3E9-195E5E4405B1}.Release|Any CPU.Build.0 = Release|Any CPU
	EndGlobalSection
	GlobalSection(SolutionProperties) = preSolution
		HideSolutionNode = FALSE
	EndGlobalSection
	GlobalSection(ExtensibilityGlobals) = postSolution
		SolutionGuid = {454A912A-66AF-4CD0-BB76-81EC9B65863A}
	EndGlobalSection
EndGlobal
