
Microsoft Visual Studio Solution File, Format Version 12.00
# Visual Studio Version 17
VisualStudioVersion = 17.9.34714.143
MinimumVisualStudioVersion = 10.0.40219.1
Project("{FAE04EC0-301F-11D3-BF4B-00C04F79EFBC}") = "Hotel Management V1.2", "Hotel Management V1.2\Hotel Management V1.2.csproj", "{309BC8A4-AECD-420B-9C93-FC6DDE4E1CB2}"
EndProject
Global
	GlobalSection(SolutionConfigurationPlatforms) = preSolution
		Debug|Any CPU = Debug|Any CPU
		Release|Any CPU = Release|Any CPU
	EndGlobalSection
	GlobalSection(ProjectConfigurationPlatforms) = postSolution
		{309BC8A4-AECD-420B-9C93-FC6DDE4E1CB2}.Debug|Any CPU.ActiveCfg = Debug|Any CPU
		{309BC8A4-AECD-420B-9C93-FC6DDE4E1CB2}.Debug|Any CPU.Build.0 = Debug|Any CPU
		{309BC8A4-AECD-420B-9C93-FC6DDE4E1CB2}.Release|Any CPU.ActiveCfg = Release|Any CPU
		{309BC8A4-AECD-420B-9C93-FC6DDE4E1CB2}.Release|Any CPU.Build.0 = Release|Any CPU
	EndGlobalSection
	GlobalSection(SolutionProperties) = preSolution
		HideSolutionNode = FALSE
	EndGlobalSection
	GlobalSection(ExtensibilityGlobals) = postSolution
		SolutionGuid = {E4AD67FA-5D83-4999-A9E3-FF277B9E2CB0}
	EndGlobalSection
EndGlobal
